
Microsoft Visual Studio Solution File, Format Version 12.00
# Visual Studio Version 17
VisualStudioVersion = 17.10.35004.147
MinimumVisualStudioVersion = 10.0.40219.1
Project("{8BC9CEB8-8B4A-11D0-8D11-00A0C91BC942}") = "bai1_HelloWords2", "bai1_HelloWords2.vcxproj", "{284A9351-0F19-4902-BA34-22AF3858C9FA}"
EndProject
Global
	GlobalSection(SolutionConfigurationPlatforms) = preSolution
		Debug|x64 = Debug|x64
		Debug|x86 = Debug|x86
		Release|x64 = Release|x64
		Release|x86 = Release|x86
	EndGlobalSection
	GlobalSection(ProjectConfigurationPlatforms) = postSolution
		{284A9351-0F19-4902-BA34-22AF3858C9FA}.Debug|x64.ActiveCfg = Debug|x64
		{284A9351-0F19-4902-BA34-22AF3858C9FA}.Debug|x64.Build.0 = Debug|x64
		{284A9351-0F19-4902-BA34-22AF3858C9FA}.Debug|x86.ActiveCfg = Debug|Win32
		{284A9351-0F19-4902-BA34-22AF3858C9FA}.Debug|x86.Build.0 = Debug|Win32
		{284A9351-0F19-4902-BA34-22AF3858C9FA}.Release|x64.ActiveCfg = Release|x64
		{284A9351-0F19-4902-BA34-22AF3858C9FA}.Release|x64.Build.0 = Release|x64
		{284A9351-0F19-4902-BA34-22AF3858C9FA}.Release|x86.ActiveCfg = Release|Win32
		{284A9351-0F19-4902-BA34-22AF3858C9FA}.Release|x86.Build.0 = Release|Win32
	EndGlobalSection
	GlobalSection(SolutionProperties) = preSolution
		HideSolutionNode = FALSE
	EndGlobalSection
	GlobalSection(ExtensibilityGlobals) = postSolution
		SolutionGuid = {29A8DB85-DF28-4B45-9CC0-C9211328ED02}
	EndGlobalSection
EndGlobal
